{
  "version": 4,
  "terraform_version": "1.7.3",
  "serial": 3,
  "lineage": "11abd448-2893-7cd7-8d68-9bd791374cdf",
  "outputs": {},
  "resources": [
    {
      "mode": "managed",
      "type": "local_file",
      "name": "pet",
      "provider": "provider[\"registry.terraform.io/hashicorp/local\"]",
      "instances": [
        {
          "schema_version": 0,
          "attributes": {
            "content": "this is sample file",
            "content_base64": null,
            "content_base64sha256": "ae478dfGdOR76ylkGQ3pVOrm+NxmPoMilnnFamyxmJk=",
            "content_base64sha512": "4NQqntVzAnCuMP9Se6nNQd059Lkt8upL82WMtH7bwUzdSeU3jd0aKmJzop6jMQ3f9hdZdPgoWgDJhigozi2Vtg==",
            "content_md5": "5d23ec807e23e6802fcd80493aac353c",
            "content_sha1": "681ca125d691cde27d7f1d99ed550969f45eac1c",
            "content_sha256": "69ee3bf1d7c674e47beb2964190de954eae6f8dc663e83229679c56a6cb19899",
            "content_sha512": "e0d42a9ed5730270ae30ff527ba9cd41dd39f4b92df2ea4bf3658cb47edbc14cdd49e5378ddd1a2a6273a29ea3310ddff6175974f8285a00c9862828ce2d95b6",
            "directory_permission": "0777",
            "file_permission": "0777",
            "filename": "sample.txt",
            "id": "681ca125d691cde27d7f1d99ed550969f45eac1c",
            "sensitive_content": null,
            "source": null
          },
          "sensitive_attributes": []
        }
      ]
    },
    {
      "mode": "managed",
      "type": "random_pet",
      "name": "my-pet",
      "provider": "provider[\"registry.terraform.io/hashicorp/random\"]",
      "instances": [
        {
          "schema_version": 0,
          "attributes": {
            "id": "Mrs.uniquely.present.slug",
            "keepers": null,
            "length": 3,
            "prefix": "Mrs",
            "separator": "."
          },
          "sensitive_attributes": []
        }
      ]
    }
  ],
  "check_results": null
}
