{
  "version": 4,
  "terraform_version": "1.7.3",
  "serial": 11,
  "lineage": "79b8745f-084e-f80f-b7b7-e9dd59d3a81f",
  "outputs": {},
  "resources": [
    {
      "mode": "managed",
      "type": "local_file",
      "name": "mybest-pet",
      "provider": "provider[\"registry.terraform.io/hashicorp/local\"]",
      "instances": [
        {
          "schema_version": 0,
          "attributes": {
            "content": "my favorite pet is Mrs.quail !!",
            "content_base64": null,
            "content_base64sha256": "8x8mHSheaR3sL99+SS6r8Wq9UxUj5Kc3qcQCSIdgr+k=",
            "content_base64sha512": "+2Vju1cSLrrWsoDS5FKeTB6n5cBJOWRMMJ4cUAXaShZHLLpkfUxUxXoAAOmptLjeURkiUPMTO6IUHcaA5SB0GA==",
            "content_md5": "ad00e12991c9ba9e71ec5708eda65d14",
            "content_sha1": "5f1a6ff89ae577a7405a640c99ddfb1952b60d0d",
            "content_sha256": "f31f261d285e691dec2fdf7e492eabf16abd531523e4a737a9c402488760afe9",
            "content_sha512": "fb6563bb57122ebad6b280d2e4529e4c1ea7e5c04939644c309e1c5005da4a16472cba647d4c54c57a0000e9a9b4b8de51192250f3133ba2141dc680e5207418",
            "directory_permission": "0777",
            "file_permission": "0777",
            "filename": "gen/my-pet.txt",
            "id": "5f1a6ff89ae577a7405a640c99ddfb1952b60d0d",
            "sensitive_content": null,
            "source": null
          },
          "sensitive_attributes": [],
          "dependencies": [
            "random_pet.my-pet"
          ]
        }
      ]
    },
    {
      "mode": "managed",
      "type": "random_pet",
      "name": "my-pet",
      "provider": "provider[\"registry.terraform.io/hashicorp/random\"]",
      "instances": [
        {
          "schema_version": 0,
          "attributes": {
            "id": "Mrs.quail",
            "keepers": null,
            "length": 1,
            "prefix": "Mrs",
            "separator": "."
          },
          "sensitive_attributes": []
        }
      ]
    }
  ],
  "check_results": null
}
